
Microsoft Visual Studio Solution File, Format Version 12.00
# Visual Studio Version 17
VisualStudioVersion = 17.5.33530.505
MinimumVisualStudioVersion = 10.0.40219.1
Project("{FAE04EC0-301F-11D3-BF4B-00C04F79EFBC}") = "Demo_DoiMatKhau", "Demo_DoiMatKhau\Demo_DoiMatKhau.csproj", "{A6FC2D74-0419-4551-9518-22E6A366B323}"
EndProject
Global
	GlobalSection(SolutionConfigurationPlatforms) = preSolution
		Debug|Any CPU = Debug|Any CPU
		Release|Any CPU = Release|Any CPU
	EndGlobalSection
	GlobalSection(ProjectConfigurationPlatforms) = postSolution
		{A6FC2D74-0419-4551-9518-22E6A366B323}.Debug|Any CPU.ActiveCfg = Debug|Any CPU
		{A6FC2D74-0419-4551-9518-22E6A366B323}.Debug|Any CPU.Build.0 = Debug|Any CPU
		{A6FC2D74-0419-4551-9518-22E6A366B323}.Release|Any CPU.ActiveCfg = Release|Any CPU
		{A6FC2D74-0419-4551-9518-22E6A366B323}.Release|Any CPU.Build.0 = Release|Any CPU
	EndGlobalSection
	GlobalSection(SolutionProperties) = preSolution
		HideSolutionNode = FALSE
	EndGlobalSection
	GlobalSection(ExtensibilityGlobals) = postSolution
		SolutionGuid = {69D5C845-783C-4540-A62F-F03C19DB4C0E}
	EndGlobalSection
EndGlobal
