
Microsoft Visual Studio Solution File, Format Version 12.00
# Visual Studio Version 17
VisualStudioVersion = 17.6.33712.159
MinimumVisualStudioVersion = 10.0.40219.1
Project("{FAE04EC0-301F-11D3-BF4B-00C04F79EFBC}") = "BaiTapLonKetquaThiDau", "BaiTapLonKetquaThiDau\BaiTapLonKetquaThiDau.csproj", "{24CA9DF6-3EC2-42D9-812A-824F57F22CE1}"
EndProject
Global
	GlobalSection(SolutionConfigurationPlatforms) = preSolution
		Debug|Any CPU = Debug|Any CPU
		Release|Any CPU = Release|Any CPU
	EndGlobalSection
	GlobalSection(ProjectConfigurationPlatforms) = postSolution
		{24CA9DF6-3EC2-42D9-812A-824F57F22CE1}.Debug|Any CPU.ActiveCfg = Debug|Any CPU
		{24CA9DF6-3EC2-42D9-812A-824F57F22CE1}.Debug|Any CPU.Build.0 = Debug|Any CPU
		{24CA9DF6-3EC2-42D9-812A-824F57F22CE1}.Release|Any CPU.ActiveCfg = Release|Any CPU
		{24CA9DF6-3EC2-42D9-812A-824F57F22CE1}.Release|Any CPU.Build.0 = Release|Any CPU
	EndGlobalSection
	GlobalSection(SolutionProperties) = preSolution
		HideSolutionNode = FALSE
	EndGlobalSection
	GlobalSection(ExtensibilityGlobals) = postSolution
		SolutionGuid = {96EED7E9-E64A-4E3A-BF18-2E9B6E21F971}
	EndGlobalSection
EndGlobal
